
Microsoft Visual Studio Solution File, Format Version 12.00
# Visual Studio Version 16
VisualStudioVersion = 16.0.31112.23
MinimumVisualStudioVersion = 10.0.40219.1
Project("{9A19103F-16F7-4668-BE54-9A1E7A4F7556}") = "MetricsManger", "MetricsManger\MetricsManger.csproj", "{BA0B6851-23AA-4947-BFC1-6C3F536646DE}"
EndProject
Project("{FAE04EC0-301F-11D3-BF4B-00C04F79EFBC}") = "MetricsManager", "MetricsManager\MetricsManager.csproj", "{85E3556A-7526-4FFA-8825-8BC67AEF1AEE}"
EndProject
Project("{FAE04EC0-301F-11D3-BF4B-00C04F79EFBC}") = "MetricsManagerTests", "MetricsManagerTests\MetricsManagerTests.csproj", "{49B3CB00-EF73-407A-8250-55734CC3B1E6}"
EndProject
Project("{FAE04EC0-301F-11D3-BF4B-00C04F79EFBC}") = "MetricsAgent", "MetricsAgent\MetricsAgent.csproj", "{2BCC19D9-0B21-44A0-BB99-4748E71A179C}"
EndProject
Project("{FAE04EC0-301F-11D3-BF4B-00C04F79EFBC}") = "MetricsAgentTests", "MetricsAgentTests\MetricsAgentTests.csproj", "{39F9AC16-645A-4437-869C-B5DB658AD90B}"
EndProject
Global
	GlobalSection(SolutionConfigurationPlatforms) = preSolution
		Debug|Any CPU = Debug|Any CPU
		Release|Any CPU = Release|Any CPU
	EndGlobalSection
	GlobalSection(ProjectConfigurationPlatforms) = postSolution
		{BA0B6851-23AA-4947-BFC1-6C3F536646DE}.Debug|Any CPU.ActiveCfg = Debug|Any CPU
		{BA0B6851-23AA-4947-BFC1-6C3F536646DE}.Debug|Any CPU.Build.0 = Debug|Any CPU
		{BA0B6851-23AA-4947-BFC1-6C3F536646DE}.Release|Any CPU.ActiveCfg = Release|Any CPU
		{BA0B6851-23AA-4947-BFC1-6C3F536646DE}.Release|Any CPU.Build.0 = Release|Any CPU
		{85E3556A-7526-4FFA-8825-8BC67AEF1AEE}.Debug|Any CPU.ActiveCfg = Debug|Any CPU
		{85E3556A-7526-4FFA-8825-8BC67AEF1AEE}.Debug|Any CPU.Build.0 = Debug|Any CPU
		{85E3556A-7526-4FFA-8825-8BC67AEF1AEE}.Release|Any CPU.ActiveCfg = Release|Any CPU
		{85E3556A-7526-4FFA-8825-8BC67AEF1AEE}.Release|Any CPU.Build.0 = Release|Any CPU
		{49B3CB00-EF73-407A-8250-55734CC3B1E6}.Debug|Any CPU.ActiveCfg = Debug|Any CPU
		{49B3CB00-EF73-407A-8250-55734CC3B1E6}.Debug|Any CPU.Build.0 = Debug|Any CPU
		{49B3CB00-EF73-407A-8250-55734CC3B1E6}.Release|Any CPU.ActiveCfg = Release|Any CPU
		{49B3CB00-EF73-407A-8250-55734CC3B1E6}.Release|Any CPU.Build.0 = Release|Any CPU
		{2BCC19D9-0B21-44A0-BB99-4748E71A179C}.Debug|Any CPU.ActiveCfg = Debug|Any CPU
		{2BCC19D9-0B21-44A0-BB99-4748E71A179C}.Debug|Any CPU.Build.0 = Debug|Any CPU
		{2BCC19D9-0B21-44A0-BB99-4748E71A179C}.Release|Any CPU.ActiveCfg = Release|Any CPU
		{2BCC19D9-0B21-44A0-BB99-4748E71A179C}.Release|Any CPU.Build.0 = Release|Any CPU
		{39F9AC16-645A-4437-869C-B5DB658AD90B}.Debug|Any CPU.ActiveCfg = Debug|Any CPU
		{39F9AC16-645A-4437-869C-B5DB658AD90B}.Debug|Any CPU.Build.0 = Debug|Any CPU
		{39F9AC16-645A-4437-869C-B5DB658AD90B}.Release|Any CPU.ActiveCfg = Release|Any CPU
		{39F9AC16-645A-4437-869C-B5DB658AD90B}.Release|Any CPU.Build.0 = Release|Any CPU
	EndGlobalSection
	GlobalSection(SolutionProperties) = preSolution
		HideSolutionNode = FALSE
	EndGlobalSection
	GlobalSection(ExtensibilityGlobals) = postSolution
		SolutionGuid = {5CC713A7-3179-451B-A4F3-998FD11EA8D3}
	EndGlobalSection
EndGlobal
